
Microsoft Visual Studio Solution File, Format Version 12.00
# Visual Studio Version 17
VisualStudioVersion = 17.0.31903.59
MinimumVisualStudioVersion = 10.0.40219.1
Project("{9A19103F-16F7-4668-BE54-9A1E7A4F7556}") = "MinimalApiDemo", "MinimalApiDemo.csproj", "{4C983F3E-1315-4EFF-851F-A1178DBDD39D}"
EndProject
Global
	GlobalSection(SolutionConfigurationPlatforms) = preSolution
		Debug|Any CPU = Debug|Any CPU
		Release|Any CPU = Release|Any CPU
	EndGlobalSection
	GlobalSection(ProjectConfigurationPlatforms) = postSolution
		{4C983F3E-1315-4EFF-851F-A1178DBDD39D}.Debug|Any CPU.ActiveCfg = Debug|Any CPU
		{4C983F3E-1315-4EFF-851F-A1178DBDD39D}.Debug|Any CPU.Build.0 = Debug|Any CPU
		{4C983F3E-1315-4EFF-851F-A1178DBDD39D}.Release|Any CPU.ActiveCfg = Release|Any CPU
		{4C983F3E-1315-4EFF-851F-A1178DBDD39D}.Release|Any CPU.Build.0 = Release|Any CPU
	EndGlobalSection
	GlobalSection(SolutionProperties) = preSolution
		HideSolutionNode = FALSE
	EndGlobalSection
	GlobalSection(ExtensibilityGlobals) = postSolution
		SolutionGuid = {1AB4E4D1-C012-457C-89F4-93A1836C5D5B}
	EndGlobalSection
EndGlobal
